
Microsoft Visual Studio Solution File, Format Version 12.00
Project("{FAE04EC0-301F-11D3-BF4B-00C04F79EFBC}") = "Day1", "Day1\Day1.csproj", "{2CC286DE-A4DE-4D14-A300-2995947D758C}"
EndProject
Project("{FAE04EC0-301F-11D3-BF4B-00C04F79EFBC}") = "Day2", "Day2\Day2.csproj", "{AEBC2922-C100-4352-9511-3DC5FAF4F262}"
EndProject
Project("{FAE04EC0-301F-11D3-BF4B-00C04F79EFBC}") = "Day3", "Day3\Day3.csproj", "{D5DB2810-529D-4596-BA3F-EE718A8E061A}"
EndProject
Global
	GlobalSection(SolutionConfigurationPlatforms) = preSolution
		Debug|Any CPU = Debug|Any CPU
		Release|Any CPU = Release|Any CPU
	EndGlobalSection
	GlobalSection(ProjectConfigurationPlatforms) = postSolution
		{2CC286DE-A4DE-4D14-A300-2995947D758C}.Debug|Any CPU.ActiveCfg = Debug|Any CPU
		{2CC286DE-A4DE-4D14-A300-2995947D758C}.Debug|Any CPU.Build.0 = Debug|Any CPU
		{2CC286DE-A4DE-4D14-A300-2995947D758C}.Release|Any CPU.ActiveCfg = Release|Any CPU
		{2CC286DE-A4DE-4D14-A300-2995947D758C}.Release|Any CPU.Build.0 = Release|Any CPU
		{AEBC2922-C100-4352-9511-3DC5FAF4F262}.Debug|Any CPU.ActiveCfg = Debug|Any CPU
		{AEBC2922-C100-4352-9511-3DC5FAF4F262}.Debug|Any CPU.Build.0 = Debug|Any CPU
		{AEBC2922-C100-4352-9511-3DC5FAF4F262}.Release|Any CPU.ActiveCfg = Release|Any CPU
		{AEBC2922-C100-4352-9511-3DC5FAF4F262}.Release|Any CPU.Build.0 = Release|Any CPU
		{D5DB2810-529D-4596-BA3F-EE718A8E061A}.Debug|Any CPU.ActiveCfg = Debug|Any CPU
		{D5DB2810-529D-4596-BA3F-EE718A8E061A}.Debug|Any CPU.Build.0 = Debug|Any CPU
		{D5DB2810-529D-4596-BA3F-EE718A8E061A}.Release|Any CPU.ActiveCfg = Release|Any CPU
		{D5DB2810-529D-4596-BA3F-EE718A8E061A}.Release|Any CPU.Build.0 = Release|Any CPU
	EndGlobalSection
EndGlobal
